
Microsoft Visual Studio Solution File, Format Version 12.00
# Visual Studio Version 17
VisualStudioVersion = 17.3.32825.248
MinimumVisualStudioVersion = 10.0.40219.1
Project("{FAE04EC0-301F-11D3-BF4B-00C04F79EFBC}") = "mvc_Tricked", "mvc_Tricked\mvc_Tricked.csproj", "{A8685D93-69B4-4958-B519-6BE20EE20618}"
EndProject
Global
	GlobalSection(SolutionConfigurationPlatforms) = preSolution
		Debug|Any CPU = Debug|Any CPU
		Release|Any CPU = Release|Any CPU
	EndGlobalSection
	GlobalSection(ProjectConfigurationPlatforms) = postSolution
		{A8685D93-69B4-4958-B519-6BE20EE20618}.Debug|Any CPU.ActiveCfg = Debug|Any CPU
		{A8685D93-69B4-4958-B519-6BE20EE20618}.Debug|Any CPU.Build.0 = Debug|Any CPU
		{A8685D93-69B4-4958-B519-6BE20EE20618}.Release|Any CPU.ActiveCfg = Release|Any CPU
		{A8685D93-69B4-4958-B519-6BE20EE20618}.Release|Any CPU.Build.0 = Release|Any CPU
	EndGlobalSection
	GlobalSection(SolutionProperties) = preSolution
		HideSolutionNode = FALSE
	EndGlobalSection
	GlobalSection(ExtensibilityGlobals) = postSolution
		SolutionGuid = {976318F1-9F7F-4184-918B-24457BF223C9}
	EndGlobalSection
EndGlobal
